
Microsoft Visual Studio Solution File, Format Version 12.00
# Visual Studio Version 17
VisualStudioVersion = 17.1.32414.318
MinimumVisualStudioVersion = 10.0.40219.1
Project("{9A19103F-16F7-4668-BE54-9A1E7A4F7556}") = "BlazorCylinderHead", "BlazorCylinderHead\BlazorCylinderHead.csproj", "{7E9B4802-56CD-4B26-97F9-CF87BF10C611}"
EndProject
Project("{9A19103F-16F7-4668-BE54-9A1E7A4F7556}") = "SparkPlug-Accordion", "SparkPlug-Accordion\SparkPlug-Accordion.csproj", "{E98B2F96-C085-4EE9-8531-5680A41A1AB6}"
EndProject
Global
	GlobalSection(SolutionConfigurationPlatforms) = preSolution
		Debug|Any CPU = Debug|Any CPU
		Release|Any CPU = Release|Any CPU
	EndGlobalSection
	GlobalSection(ProjectConfigurationPlatforms) = postSolution
		{7E9B4802-56CD-4B26-97F9-CF87BF10C611}.Debug|Any CPU.ActiveCfg = Debug|Any CPU
		{7E9B4802-56CD-4B26-97F9-CF87BF10C611}.Debug|Any CPU.Build.0 = Debug|Any CPU
		{7E9B4802-56CD-4B26-97F9-CF87BF10C611}.Release|Any CPU.ActiveCfg = Release|Any CPU
		{7E9B4802-56CD-4B26-97F9-CF87BF10C611}.Release|Any CPU.Build.0 = Release|Any CPU
		{E98B2F96-C085-4EE9-8531-5680A41A1AB6}.Debug|Any CPU.ActiveCfg = Debug|Any CPU
		{E98B2F96-C085-4EE9-8531-5680A41A1AB6}.Debug|Any CPU.Build.0 = Debug|Any CPU
		{E98B2F96-C085-4EE9-8531-5680A41A1AB6}.Release|Any CPU.ActiveCfg = Release|Any CPU
		{E98B2F96-C085-4EE9-8531-5680A41A1AB6}.Release|Any CPU.Build.0 = Release|Any CPU
	EndGlobalSection
	GlobalSection(SolutionProperties) = preSolution
		HideSolutionNode = FALSE
	EndGlobalSection
	GlobalSection(ExtensibilityGlobals) = postSolution
		SolutionGuid = {50BE166C-BEE3-4A97-82FB-852C9053DCDD}
	EndGlobalSection
EndGlobal
