
Microsoft Visual Studio Solution File, Format Version 12.00
# Visual Studio Version 17
VisualStudioVersion = 17.1.32414.318
MinimumVisualStudioVersion = 10.0.40219.1
Project("{9A19103F-16F7-4668-BE54-9A1E7A4F7556}") = "SparkPlugAccordion", "SparkPlug\SparkPlugAccordion.csproj", "{EF93D56E-9F14-42B8-B182-46B82A520887}"
EndProject
Project("{9A19103F-16F7-4668-BE54-9A1E7A4F7556}") = "BlazorCylinderHead", "BlazorCylinderHead\BlazorCylinderHead.csproj", "{7E9B4802-56CD-4B26-97F9-CF87BF10C611}"
EndProject
Project("{FAE04EC0-301F-11D3-BF4B-00C04F79EFBC}") = "SparkPlugTestComponent", "SparkPlugTestComponent\SparkPlugTestComponent.csproj", "{784C1CB3-7CD6-4E21-B290-F3419F16DE9E}"
EndProject
Global
	GlobalSection(SolutionConfigurationPlatforms) = preSolution
		Debug|Any CPU = Debug|Any CPU
		Release|Any CPU = Release|Any CPU
	EndGlobalSection
	GlobalSection(ProjectConfigurationPlatforms) = postSolution
		{EF93D56E-9F14-42B8-B182-46B82A520887}.Debug|Any CPU.ActiveCfg = Debug|Any CPU
		{EF93D56E-9F14-42B8-B182-46B82A520887}.Debug|Any CPU.Build.0 = Debug|Any CPU
		{EF93D56E-9F14-42B8-B182-46B82A520887}.Release|Any CPU.ActiveCfg = Release|Any CPU
		{EF93D56E-9F14-42B8-B182-46B82A520887}.Release|Any CPU.Build.0 = Release|Any CPU
		{7E9B4802-56CD-4B26-97F9-CF87BF10C611}.Debug|Any CPU.ActiveCfg = Debug|Any CPU
		{7E9B4802-56CD-4B26-97F9-CF87BF10C611}.Debug|Any CPU.Build.0 = Debug|Any CPU
		{7E9B4802-56CD-4B26-97F9-CF87BF10C611}.Release|Any CPU.ActiveCfg = Release|Any CPU
		{7E9B4802-56CD-4B26-97F9-CF87BF10C611}.Release|Any CPU.Build.0 = Release|Any CPU
		{784C1CB3-7CD6-4E21-B290-F3419F16DE9E}.Debug|Any CPU.ActiveCfg = Debug|Any CPU
		{784C1CB3-7CD6-4E21-B290-F3419F16DE9E}.Debug|Any CPU.Build.0 = Debug|Any CPU
		{784C1CB3-7CD6-4E21-B290-F3419F16DE9E}.Release|Any CPU.ActiveCfg = Release|Any CPU
		{784C1CB3-7CD6-4E21-B290-F3419F16DE9E}.Release|Any CPU.Build.0 = Release|Any CPU
	EndGlobalSection
	GlobalSection(SolutionProperties) = preSolution
		HideSolutionNode = FALSE
	EndGlobalSection
	GlobalSection(ExtensibilityGlobals) = postSolution
		SolutionGuid = {50BE166C-BEE3-4A97-82FB-852C9053DCDD}
	EndGlobalSection
EndGlobal
